
Microsoft Visual Studio Solution File, Format Version 12.00
# Visual Studio Version 17
VisualStudioVersion = 17.2.32516.85
MinimumVisualStudioVersion = 10.0.40219.1
Project("{9A19103F-16F7-4668-BE54-9A1E7A4F7556}") = "WebAPI", "WebAPI\HydroponicsServer.WebAPI.csproj", "{95B830D7-62F2-42BF-89C5-ADE236DF84F9}"
EndProject
Project("{2150E333-8FDC-42A3-9474-1A3956D46DE8}") = "Data", "Data", "{99017358-354C-445D-A005-3E93F1D705FF}"
EndProject
Project("{9A19103F-16F7-4668-BE54-9A1E7A4F7556}") = "Models", "Models\HydroponicsServer.Models.csproj", "{57E2D41B-1989-46D8-8AEC-E2DA4B5EACEC}"
EndProject
Project("{9A19103F-16F7-4668-BE54-9A1E7A4F7556}") = "DAL.PostgresSQL", "DAL.PostgresSQL\DAL.PostgresSQL.csproj", "{05DB9217-A332-4F23-9FE7-1A8EF70C9388}"
EndProject
Global
	GlobalSection(SolutionConfigurationPlatforms) = preSolution
		Debug|Any CPU = Debug|Any CPU
		Release|Any CPU = Release|Any CPU
	EndGlobalSection
	GlobalSection(ProjectConfigurationPlatforms) = postSolution
		{95B830D7-62F2-42BF-89C5-ADE236DF84F9}.Debug|Any CPU.ActiveCfg = Debug|Any CPU
		{95B830D7-62F2-42BF-89C5-ADE236DF84F9}.Debug|Any CPU.Build.0 = Debug|Any CPU
		{95B830D7-62F2-42BF-89C5-ADE236DF84F9}.Release|Any CPU.ActiveCfg = Release|Any CPU
		{95B830D7-62F2-42BF-89C5-ADE236DF84F9}.Release|Any CPU.Build.0 = Release|Any CPU
		{57E2D41B-1989-46D8-8AEC-E2DA4B5EACEC}.Debug|Any CPU.ActiveCfg = Debug|Any CPU
		{57E2D41B-1989-46D8-8AEC-E2DA4B5EACEC}.Debug|Any CPU.Build.0 = Debug|Any CPU
		{57E2D41B-1989-46D8-8AEC-E2DA4B5EACEC}.Release|Any CPU.ActiveCfg = Release|Any CPU
		{57E2D41B-1989-46D8-8AEC-E2DA4B5EACEC}.Release|Any CPU.Build.0 = Release|Any CPU
		{05DB9217-A332-4F23-9FE7-1A8EF70C9388}.Debug|Any CPU.ActiveCfg = Debug|Any CPU
		{05DB9217-A332-4F23-9FE7-1A8EF70C9388}.Debug|Any CPU.Build.0 = Debug|Any CPU
		{05DB9217-A332-4F23-9FE7-1A8EF70C9388}.Release|Any CPU.ActiveCfg = Release|Any CPU
		{05DB9217-A332-4F23-9FE7-1A8EF70C9388}.Release|Any CPU.Build.0 = Release|Any CPU
	EndGlobalSection
	GlobalSection(SolutionProperties) = preSolution
		HideSolutionNode = FALSE
	EndGlobalSection
	GlobalSection(NestedProjects) = preSolution
		{57E2D41B-1989-46D8-8AEC-E2DA4B5EACEC} = {99017358-354C-445D-A005-3E93F1D705FF}
		{05DB9217-A332-4F23-9FE7-1A8EF70C9388} = {99017358-354C-445D-A005-3E93F1D705FF}
	EndGlobalSection
	GlobalSection(ExtensibilityGlobals) = postSolution
		SolutionGuid = {FC8B9CB8-0199-4C84-867F-5D227420627A}
	EndGlobalSection
EndGlobal
